# This file is automatically @generated by Cargo.
# It is not intended for manual editing.
version = 3

[[package]]
name = "ana-kernel"
version = "0.1.0"
dependencies = [
 "bootloader",
]

[[package]]
name = "bootloader"
version = "0.10.8"
source = "registry+https://github.com/rust-lang/crates.io-index"
checksum = "3877bdf198cf7d92863408baee225b3ad6784eaabceb09258a170059e1a11d83"
